// !$*UTF8*$!
{
	archiveVersion = 1;
	classes = {
	};
	objectVersion = 48;
	objects = {

/* Begin PBXBuildFile section */
		313A23ACDC617A1FEEA1D816 /* Pods_MaterKeyHack.framework in Frameworks */ = {isa = PBXBuildFile; fileRef = 54542B27553CB996BA719324 /* Pods_MaterKeyHack.framework */; };
		FA34A64A1FBB00D500774684 /* AppDelegate.swift in Sources */ = {isa = PBXBuildFile; fileRef = FA34A6491FBB00D500774684 /* AppDelegate.swift */; };
		FA34A64C1FBB00D500774684 /* ViewController.swift in Sources */ = {isa = PBXBuildFile; fileRef = FA34A64B1FBB00D500774684 /* ViewController.swift */; };
		FA34A64F1FBB00D500774684 /* Main.storyboard in Resources */ = {isa = PBXBuildFile; fileRef = FA34A64D1FBB00D500774684 /* Main.storyboard */; };
		FA34A6511FBB00D500774684 /* Assets.xcassets in Resources */ = {isa = PBXBuildFile; fileRef = FA34A6501FBB00D500774684 /* Assets.xcassets */; };
		FA34A6541FBB00D500774684 /* LaunchScreen.storyboard in Resources */ = {isa = PBXBuildFile; fileRef = FA34A6521FBB00D500774684 /* LaunchScreen.storyboard */; };
		FA34A65C1FBB01CA00774684 /* MasterKeyGenerator.swift in Sources */ = {isa = PBXBuildFile; fileRef = FA34A65B1FBB01CA00774684 /* MasterKeyGenerator.swift */; };
/* End PBXBuildFile section */

/* Begin PBXFileReference section */
		2A2E1CE613C97583C7B8402E /* Pods-MaterKeyHack.debug.xcconfig */ = {isa = PBXFileReference; includeInIndex = 1; lastKnownFileType = text.xcconfig; name = "Pods-MaterKeyHack.debug.xcconfig"; path = "Pods/Target Support Files/Pods-MaterKeyHack/Pods-MaterKeyHack.debug.xcconfig"; sourceTree = "<group>"; };
		54542B27553CB996BA719324 /* Pods_MaterKeyHack.framework */ = {isa = PBXFileReference; explicitFileType = wrapper.framework; includeInIndex = 0; path = Pods_MaterKeyHack.framework; sourceTree = BUILT_PRODUCTS_DIR; };
		EE380D1DCCFB276920BC42D6 /* Pods-MaterKeyHack.release.xcconfig */ = {isa = PBXFileReference; includeInIndex = 1; lastKnownFileType = text.xcconfig; name = "Pods-MaterKeyHack.release.xcconfig"; path = "Pods/Target Support Files/Pods-MaterKeyHack/Pods-MaterKeyHack.release.xcconfig"; sourceTree = "<group>"; };
		FA34A6461FBB00D500774684 /* MaterKeyHack.app */ = {isa = PBXFileReference; explicitFileType = wrapper.application; includeInIndex = 0; path = MaterKeyHack.app; sourceTree = BUILT_PRODUCTS_DIR; };
		FA34A6491FBB00D500774684 /* AppDelegate.swift */ = {isa = PBXFileReference; lastKnownFileType = sourcecode.swift; path = AppDelegate.swift; sourceTree = "<group>"; };
		FA34A64B1FBB00D500774684 /* ViewController.swift */ = {isa = PBXFileReference; lastKnownFileType = sourcecode.swift; path = ViewController.swift; sourceTree = "<group>"; };
		FA34A64E1FBB00D500774684 /* Base */ = {isa = PBXFileReference; lastKnownFileType = file.storyboard; name = Base; path = Base.lproj/Main.storyboard; sourceTree = "<group>"; };
		FA34A6501FBB00D500774684 /* Assets.xcassets */ = {isa = PBXFileReference; lastKnownFileType = folder.assetcatalog; path = Assets.xcassets; sourceTree = "<group>"; };
		FA34A6531FBB00D500774684 /* Base */ = {isa = PBXFileReference; lastKnownFileType = file.storyboard; name = Base; path = Base.lproj/LaunchScreen.storyboard; sourceTree = "<group>"; };
		FA34A6551FBB00D500774684 /* Info.plist */ = {isa = PBXFileReference; lastKnownFileType = text.plist.xml; path = Info.plist; sourceTree = "<group>"; };
		FA34A65B1FBB01CA00774684 /* MasterKeyGenerator.swift */ = {isa = PBXFileReference; fileEncoding = 4; lastKnownFileType = sourcecode.swift; path = MasterKeyGenerator.swift; sourceTree = "<group>"; };
		FA34A65E1FBB034700774684 /* MaterKeyHack-Bridging-Header.h */ = {isa = PBXFileReference; lastKnownFileType = sourcecode.c.h; path = "MaterKeyHack-Bridging-Header.h"; sourceTree = "<group>"; };
		FA34A6621FBB135500774684 /* MaterKeyHack.entitlements */ = {isa = PBXFileReference; lastKnownFileType = text.plist.entitlements; path = MaterKeyHack.entitlements; sourceTree = "<group>"; };
/* End PBXFileReference section */

/* Begin PBXFrameworksBuildPhase section */
		FA34A6431FBB00D500774684 /* Frameworks */ = {
			isa = PBXFrameworksBuildPhase;
			buildActionMask = 2147483647;
			files = (
				313A23ACDC617A1FEEA1D816 /* Pods_MaterKeyHack.framework in Frameworks */,
			);
			runOnlyForDeploymentPostprocessing = 0;
		};
/* End PBXFrameworksBuildPhase section */

/* Begin PBXGroup section */
		22E289498E95AF451EC5D058 /* Frameworks */ = {
			isa = PBXGroup;
			children = (
				54542B27553CB996BA719324 /* Pods_MaterKeyHack.framework */,
			);
			name = Frameworks;
			sourceTree = "<group>";
		};
		D8A5890EC6A05C8DF8B5F9C9 /* Pods */ = {
			isa = PBXGroup;
			children = (
				2A2E1CE613C97583C7B8402E /* Pods-MaterKeyHack.debug.xcconfig */,
				EE380D1DCCFB276920BC42D6 /* Pods-MaterKeyHack.release.xcconfig */,
			);
			name = Pods;
			sourceTree = "<group>";
		};
		FA34A63D1FBB00D500774684 = {
			isa = PBXGroup;
			children = (
				FA34A6481FBB00D500774684 /* MaterKeyHack */,
				FA34A6471FBB00D500774684 /* Products */,
				D8A5890EC6A05C8DF8B5F9C9 /* Pods */,
				22E289498E95AF451EC5D058 /* Frameworks */,
			);
			sourceTree = "<group>";
		};
		FA34A6471FBB00D500774684 /* Products */ = {
			isa = PBXGroup;
			children = (
				FA34A6461FBB00D500774684 /* MaterKeyHack.app */,
			);
			name = Products;
			sourceTree = "<group>";
		};
		FA34A6481FBB00D500774684 /* MaterKeyHack */ = {
			isa = PBXGroup;
			children = (
				FA34A6621FBB135500774684 /* MaterKeyHack.entitlements */,
				FA34A6491FBB00D500774684 /* AppDelegate.swift */,
				FA34A64B1FBB00D500774684 /* ViewController.swift */,
				FA34A65B1FBB01CA00774684 /* MasterKeyGenerator.swift */,
				FA34A64D1FBB00D500774684 /* Main.storyboard */,
				FA34A6501FBB00D500774684 /* Assets.xcassets */,
				FA34A6521FBB00D500774684 /* LaunchScreen.storyboard */,
				FA34A6551FBB00D500774684 /* Info.plist */,
				FA34A65E1FBB034700774684 /* MaterKeyHack-Bridging-Header.h */,
			);
			path = MaterKeyHack;
			sourceTree = "<group>";
		};
/* End PBXGroup section */

/* Begin PBXNativeTarget section */
		FA34A6451FBB00D500774684 /* MaterKeyHack */ = {
			isa = PBXNativeTarget;
			buildConfigurationList = FA34A6581FBB00D500774684 /* Build configuration list for PBXNativeTarget "MaterKeyHack" */;
			buildPhases = (
				F782239535890B83D9B073FF /* [CP] Check Pods Manifest.lock */,
				FA34A6421FBB00D500774684 /* Sources */,
				FA34A6431FBB00D500774684 /* Frameworks */,
				FA34A6441FBB00D500774684 /* Resources */,
				C13889BF8900B47ABF21EA8D /* [CP] Embed Pods Frameworks */,
				84B41B2FCE28BEDAB30614C6 /* [CP] Copy Pods Resources */,
			);
			buildRules = (
			);
			dependencies = (
			);
			name = MaterKeyHack;
			productName = MaterKeyHack;
			productReference = FA34A6461FBB00D500774684 /* MaterKeyHack.app */;
			productType = "com.apple.product-type.application";
		};
/* End PBXNativeTarget section */

/* Begin PBXProject section */
		FA34A63E1FBB00D500774684 /* Project object */ = {
			isa = PBXProject;
			attributes = {
				LastSwiftUpdateCheck = 0910;
				LastUpgradeCheck = 0910;
				ORGANIZATIONNAME = MacBook;
				TargetAttributes = {
					FA34A6451FBB00D500774684 = {
						CreatedOnToolsVersion = 9.1;
						LastSwiftMigration = 0910;
						ProvisioningStyle = Automatic;
						SystemCapabilities = {
							com.apple.BackgroundModes = {
								enabled = 1;
							};
							com.apple.Push = {
								enabled = 1;
							};
						};
					};
				};
			};
			buildConfigurationList = FA34A6411FBB00D500774684 /* Build configuration list for PBXProject "MaterKeyHack" */;
			compatibilityVersion = "Xcode 8.0";
			developmentRegion = en;
			hasScannedForEncodings = 0;
			knownRegions = (
				en,
				Base,
			);
			mainGroup = FA34A63D1FBB00D500774684;
			productRefGroup = FA34A6471FBB00D500774684 /* Products */;
			projectDirPath = "";
			projectRoot = "";
			targets = (
				FA34A6451FBB00D500774684 /* MaterKeyHack */,
			);
		};
/* End PBXProject section */

/* Begin PBXResourcesBuildPhase section */
		FA34A6441FBB00D500774684 /* Resources */ = {
			isa = PBXResourcesBuildPhase;
			buildActionMask = 2147483647;
			files = (
				FA34A6541FBB00D500774684 /* LaunchScreen.storyboard in Resources */,
				FA34A6511FBB00D500774684 /* Assets.xcassets in Resources */,
				FA34A64F1FBB00D500774684 /* Main.storyboard in Resources */,
			);
			runOnlyForDeploymentPostprocessing = 0;
		};
/* End PBXResourcesBuildPhase section */

/* Begin PBXShellScriptBuildPhase section */
		84B41B2FCE28BEDAB30614C6 /* [CP] Copy Pods Resources */ = {
			isa = PBXShellScriptBuildPhase;
			buildActionMask = 2147483647;
			files = (
			);
			inputPaths = (
			);
			name = "[CP] Copy Pods Resources";
			outputPaths = (
			);
			runOnlyForDeploymentPostprocessing = 0;
			shellPath = /bin/sh;
			shellScript = "\"${SRCROOT}/Pods/Target Support Files/Pods-MaterKeyHack/Pods-MaterKeyHack-resources.sh\"\n";
			showEnvVarsInLog = 0;
		};
		C13889BF8900B47ABF21EA8D /* [CP] Embed Pods Frameworks */ = {
			isa = PBXShellScriptBuildPhase;
			buildActionMask = 2147483647;
			files = (
			);
			inputPaths = (
				"${SRCROOT}/Pods/Target Support Files/Pods-MaterKeyHack/Pods-MaterKeyHack-frameworks.sh",
				"${BUILT_PRODUCTS_DIR}/CryptoSwift/CryptoSwift.framework",
			);
			name = "[CP] Embed Pods Frameworks";
			outputPaths = (
				"${TARGET_BUILD_DIR}/${FRAMEWORKS_FOLDER_PATH}/CryptoSwift.framework",
			);
			runOnlyForDeploymentPostprocessing = 0;
			shellPath = /bin/sh;
			shellScript = "\"${SRCROOT}/Pods/Target Support Files/Pods-MaterKeyHack/Pods-MaterKeyHack-frameworks.sh\"\n";
			showEnvVarsInLog = 0;
		};
		F782239535890B83D9B073FF /* [CP] Check Pods Manifest.lock */ = {
			isa = PBXShellScriptBuildPhase;
			buildActionMask = 2147483647;
			files = (
			);
			inputPaths = (
				"${PODS_PODFILE_DIR_PATH}/Podfile.lock",
				"${PODS_ROOT}/Manifest.lock",
			);
			name = "[CP] Check Pods Manifest.lock";
			outputPaths = (
				"$(DERIVED_FILE_DIR)/Pods-MaterKeyHack-checkManifestLockResult.txt",
			);
			runOnlyForDeploymentPostprocessing = 0;
			shellPath = /bin/sh;
			shellScript = "diff \"${PODS_PODFILE_DIR_PATH}/Podfile.lock\" \"${PODS_ROOT}/Manifest.lock\" > /dev/null\nif [ $? != 0 ] ; then\n    # print error to STDERR\n    echo \"error: The sandbox is not in sync with the Podfile.lock. Run 'pod install' or update your CocoaPods installation.\" >&2\n    exit 1\nfi\n# This output is used by Xcode 'outputs' to avoid re-running this script phase.\necho \"SUCCESS\" > \"${SCRIPT_OUTPUT_FILE_0}\"\n";
			showEnvVarsInLog = 0;
		};
/* End PBXShellScriptBuildPhase section */

/* Begin PBXSourcesBuildPhase section */
		FA34A6421FBB00D500774684 /* Sources */ = {
			isa = PBXSourcesBuildPhase;
			buildActionMask = 2147483647;
			files = (
				FA34A64C1FBB00D500774684 /* ViewController.swift in Sources */,
				FA34A65C1FBB01CA00774684 /* MasterKeyGenerator.swift in Sources */,
				FA34A64A1FBB00D500774684 /* AppDelegate.swift in Sources */,
			);
			runOnlyForDeploymentPostprocessing = 0;
		};
/* End PBXSourcesBuildPhase section */

/* Begin PBXVariantGroup section */
		FA34A64D1FBB00D500774684 /* Main.storyboard */ = {
			isa = PBXVariantGroup;
			children = (
				FA34A64E1FBB00D500774684 /* Base */,
			);
			name = Main.storyboard;
			sourceTree = "<group>";
		};
		FA34A6521FBB00D500774684 /* LaunchScreen.storyboard */ = {
			isa = PBXVariantGroup;
			children = (
				FA34A6531FBB00D500774684 /* Base */,
			);
			name = LaunchScreen.storyboard;
			sourceTree = "<group>";
		};
/* End PBXVariantGroup section */

/* Begin XCBuildConfiguration section */
		FA34A6561FBB00D500774684 /* Debug */ = {
			isa = XCBuildConfiguration;
			buildSettings = {
				ALWAYS_SEARCH_USER_PATHS = NO;
				CLANG_ANALYZER_NONNULL = YES;
				CLANG_ANALYZER_NUMBER_OBJECT_CONVERSION = YES_AGGRESSIVE;
				CLANG_CXX_LANGUAGE_STANDARD = "gnu++14";
				CLANG_CXX_LIBRARY = "libc++";
				CLANG_ENABLE_MODULES = YES;
				CLANG_ENABLE_OBJC_ARC = YES;
				CLANG_WARN_BLOCK_CAPTURE_AUTORELEASING = YES;
				CLANG_WARN_BOOL_CONVERSION = YES;
				CLANG_WARN_COMMA = YES;
				CLANG_WARN_CONSTANT_CONVERSION = YES;
				CLANG_WARN_DIRECT_OBJC_ISA_USAGE = YES_ERROR;
				CLANG_WARN_DOCUMENTATION_COMMENTS = YES;
				CLANG_WARN_EMPTY_BODY = YES;
				CLANG_WARN_ENUM_CONVERSION = YES;
				CLANG_WARN_INFINITE_RECURSION = YES;
				CLANG_WARN_INT_CONVERSION = YES;
				CLANG_WARN_NON_LITERAL_NULL_CONVERSION = YES;
				CLANG_WARN_OBJC_LITERAL_CONVERSION = YES;
				CLANG_WARN_OBJC_ROOT_CLASS = YES_ERROR;
				CLANG_WARN_RANGE_LOOP_ANALYSIS = YES;
				CLANG_WARN_STRICT_PROTOTYPES = YES;
				CLANG_WARN_SUSPICIOUS_MOVE = YES;
				CLANG_WARN_UNGUARDED_AVAILABILITY = YES_AGGRESSIVE;
				CLANG_WARN_UNREACHABLE_CODE = YES;
				CLANG_WARN__DUPLICATE_METHOD_MATCH = YES;
				CODE_SIGN_IDENTITY = "iPhone Developer";
				COPY_PHASE_STRIP = NO;
				DEBUG_INFORMATION_FORMAT = dwarf;
				ENABLE_STRICT_OBJC_MSGSEND = YES;
				ENABLE_TESTABILITY = YES;
				GCC_C_LANGUAGE_STANDARD = gnu11;
				GCC_DYNAMIC_NO_PIC = NO;
				GCC_NO_COMMON_BLOCKS = YES;
				GCC_OPTIMIZATION_LEVEL = 0;
				GCC_PREPROCESSOR_DEFINITIONS = (
					"DEBUG=1",
					"$(inherited)",
				);
				GCC_WARN_64_TO_32_BIT_CONVERSION = YES;
				GCC_WARN_ABOUT_RETURN_TYPE = YES_ERROR;
				GCC_WARN_UNDECLARED_SELECTOR = YES;
				GCC_WARN_UNINITIALIZED_AUTOS = YES_AGGRESSIVE;
				GCC_WARN_UNUSED_FUNCTION = YES;
				GCC_WARN_UNUSED_VARIABLE = YES;
				IPHONEOS_DEPLOYMENT_TARGET = 11.1;
				MTL_ENABLE_DEBUG_INFO = YES;
				ONLY_ACTIVE_ARCH = YES;
				SDKROOT = iphoneos;
				SWIFT_ACTIVE_COMPILATION_CONDITIONS = DEBUG;
				SWIFT_OPTIMIZATION_LEVEL = "-Onone";
			};
			name = Debug;
		};
		FA34A6571FBB00D500774684 /* Release */ = {
			isa = XCBuildConfiguration;
			buildSettings = {
				ALWAYS_SEARCH_USER_PATHS = NO;
				CLANG_ANALYZER_NONNULL = YES;
				CLANG_ANALYZER_NUMBER_OBJECT_CONVERSION = YES_AGGRESSIVE;
				CLANG_CXX_LANGUAGE_STANDARD = "gnu++14";
				CLANG_CXX_LIBRARY = "libc++";
				CLANG_ENABLE_MODULES = YES;
				CLANG_ENABLE_OBJC_ARC = YES;
				CLANG_WARN_BLOCK_CAPTURE_AUTORELEASING = YES;
				CLANG_WARN_BOOL_CONVERSION = YES;
				CLANG_WARN_COMMA = YES;
				CLANG_WARN_CONSTANT_CONVERSION = YES;
				CLANG_WARN_DIRECT_OBJC_ISA_USAGE = YES_ERROR;
				CLANG_WARN_DOCUMENTATION_COMMENTS = YES;
				CLANG_WARN_EMPTY_BODY = YES;
				CLANG_WARN_ENUM_CONVERSION = YES;
				CLANG_WARN_INFINITE_RECURSION = YES;
				CLANG_WARN_INT_CONVERSION = YES;
				CLANG_WARN_NON_LITERAL_NULL_CONVERSION = YES;
				CLANG_WARN_OBJC_LITERAL_CONVERSION = YES;
				CLANG_WARN_OBJC_ROOT_CLASS = YES_ERROR;
				CLANG_WARN_RANGE_LOOP_ANALYSIS = YES;
				CLANG_WARN_STRICT_PROTOTYPES = YES;
				CLANG_WARN_SUSPICIOUS_MOVE = YES;
				CLANG_WARN_UNGUARDED_AVAILABILITY = YES_AGGRESSIVE;
				CLANG_WARN_UNREACHABLE_CODE = YES;
				CLANG_WARN__DUPLICATE_METHOD_MATCH = YES;
				CODE_SIGN_IDENTITY = "iPhone Developer";
				COPY_PHASE_STRIP = NO;
				DEBUG_INFORMATION_FORMAT = "dwarf-with-dsym";
				ENABLE_NS_ASSERTIONS = NO;
				ENABLE_STRICT_OBJC_MSGSEND = YES;
				GCC_C_LANGUAGE_STANDARD = gnu11;
				GCC_NO_COMMON_BLOCKS = YES;
				GCC_WARN_64_TO_32_BIT_CONVERSION = YES;
				GCC_WARN_ABOUT_RETURN_TYPE = YES_ERROR;
				GCC_WARN_UNDECLARED_SELECTOR = YES;
				GCC_WARN_UNINITIALIZED_AUTOS = YES_AGGRESSIVE;
				GCC_WARN_UNUSED_FUNCTION = YES;
				GCC_WARN_UNUSED_VARIABLE = YES;
				IPHONEOS_DEPLOYMENT_TARGET = 11.1;
				MTL_ENABLE_DEBUG_INFO = NO;
				SDKROOT = iphoneos;
				SWIFT_OPTIMIZATION_LEVEL = "-Owholemodule";
				VALIDATE_PRODUCT = YES;
			};
			name = Release;
		};
		FA34A6591FBB00D500774684 /* Debug */ = {
			isa = XCBuildConfiguration;
			baseConfigurationReference = 2A2E1CE613C97583C7B8402E /* Pods-MaterKeyHack.debug.xcconfig */;
			buildSettings = {
				ASSETCATALOG_COMPILER_APPICON_NAME = AppIcon;
				CLANG_ENABLE_MODULES = YES;
				CODE_SIGN_ENTITLEMENTS = MaterKeyHack/MaterKeyHack.entitlements;
				CODE_SIGN_STYLE = Automatic;
				DEVELOPMENT_TEAM = C2N7D6E4AC;
				INFOPLIST_FILE = MaterKeyHack/Info.plist;
				IPHONEOS_DEPLOYMENT_TARGET = 9.0;
				LD_RUNPATH_SEARCH_PATHS = "$(inherited) @executable_path/Frameworks";
				PRODUCT_BUNDLE_IDENTIFIER = com.MaterKeyHack;
				PRODUCT_NAME = "$(TARGET_NAME)";
				SWIFT_OBJC_BRIDGING_HEADER = "MaterKeyHack/MaterKeyHack-Bridging-Header.h";
				SWIFT_OPTIMIZATION_LEVEL = "-Onone";
				SWIFT_VERSION = 4.0;
				TARGETED_DEVICE_FAMILY = "1,2";
			};
			name = Debug;
		};
		FA34A65A1FBB00D500774684 /* Release */ = {
			isa = XCBuildConfiguration;
			baseConfigurationReference = EE380D1DCCFB276920BC42D6 /* Pods-MaterKeyHack.release.xcconfig */;
			buildSettings = {
				ASSETCATALOG_COMPILER_APPICON_NAME = AppIcon;
				CLANG_ENABLE_MODULES = YES;
				CODE_SIGN_ENTITLEMENTS = MaterKeyHack/MaterKeyHack.entitlements;
				CODE_SIGN_STYLE = Automatic;
				DEVELOPMENT_TEAM = C2N7D6E4AC;
				INFOPLIST_FILE = MaterKeyHack/Info.plist;
				IPHONEOS_DEPLOYMENT_TARGET = 9.0;
				LD_RUNPATH_SEARCH_PATHS = "$(inherited) @executable_path/Frameworks";
				PRODUCT_BUNDLE_IDENTIFIER = com.MaterKeyHack;
				PRODUCT_NAME = "$(TARGET_NAME)";
				SWIFT_OBJC_BRIDGING_HEADER = "MaterKeyHack/MaterKeyHack-Bridging-Header.h";
				SWIFT_VERSION = 4.0;
				TARGETED_DEVICE_FAMILY = "1,2";
			};
			name = Release;
		};
/* End XCBuildConfiguration section */

/* Begin XCConfigurationList section */
		FA34A6411FBB00D500774684 /* Build configuration list for PBXProject "MaterKeyHack" */ = {
			isa = XCConfigurationList;
			buildConfigurations = (
				FA34A6561FBB00D500774684 /* Debug */,
				FA34A6571FBB00D500774684 /* Release */,
			);
			defaultConfigurationIsVisible = 0;
			defaultConfigurationName = Release;
		};
		FA34A6581FBB00D500774684 /* Build configuration list for PBXNativeTarget "MaterKeyHack" */ = {
			isa = XCConfigurationList;
			buildConfigurations = (
				FA34A6591FBB00D500774684 /* Debug */,
				FA34A65A1FBB00D500774684 /* Release */,
			);
			defaultConfigurationIsVisible = 0;
			defaultConfigurationName = Release;
		};
/* End XCConfigurationList section */
	};
	rootObject = FA34A63E1FBB00D500774684 /* Project object */;
}
